// !$*UTF8*$!
{
	archiveVersion = 1;
	classes = {
	};
	objectVersion = 55;
	objects = {

/* Begin PBXBuildFile section */
		6381E20A2911637D00E2C9A3 /* Todo_DemoApp.swift in Sources */ = {isa = PBXBuildFile; fileRef = 6381E2092911637D00E2C9A3 /* Todo_DemoApp.swift */; };
		6381E20C2911637D00E2C9A3 /* ContentView.swift in Sources */ = {isa = PBXBuildFile; fileRef = 6381E20B2911637D00E2C9A3 /* ContentView.swift */; };
		6381E20E2911637E00E2C9A3 /* Assets.xcassets in Resources */ = {isa = PBXBuildFile; fileRef = 6381E20D2911637E00E2C9A3 /* Assets.xcassets */; };
		6381E2112911637E00E2C9A3 /* Preview Assets.xcassets in Resources */ = {isa = PBXBuildFile; fileRef = 6381E2102911637E00E2C9A3 /* Preview Assets.xcassets */; };
		6381E21D291166AE00E2C9A3 /* GoogleService-Info.plist in Resources */ = {isa = PBXBuildFile; fileRef = 6381E21C291166AE00E2C9A3 /* GoogleService-Info.plist */; };
		6381E22329116A2E00E2C9A3 /* Todo.swift in Sources */ = {isa = PBXBuildFile; fileRef = 6381E22229116A2E00E2C9A3 /* Todo.swift */; };
		6381E22529116B1D00E2C9A3 /* TodoViewModel.swift in Sources */ = {isa = PBXBuildFile; fileRef = 6381E22429116B1D00E2C9A3 /* TodoViewModel.swift */; };
		6381E22729116BA700E2C9A3 /* TodoRepository.swift in Sources */ = {isa = PBXBuildFile; fileRef = 6381E22629116BA700E2C9A3 /* TodoRepository.swift */; };
		63D70F0C292D26A600D6374F /* FirebaseFirestore in Frameworks */ = {isa = PBXBuildFile; productRef = 63D70F0B292D26A600D6374F /* FirebaseFirestore */; };
		63D70F0E292D26A600D6374F /* FirebaseFirestoreSwift in Frameworks */ = {isa = PBXBuildFile; productRef = 63D70F0D292D26A600D6374F /* FirebaseFirestoreSwift */; };
		63D70F16292D2FB100D6374F /* Todo_DemoUITests.swift in Sources */ = {isa = PBXBuildFile; fileRef = 63D70F15292D2FB100D6374F /* Todo_DemoUITests.swift */; };
		63D70F18292D2FB100D6374F /* Todo_DemoUITestsLaunchTests.swift in Sources */ = {isa = PBXBuildFile; fileRef = 63D70F17292D2FB100D6374F /* Todo_DemoUITestsLaunchTests.swift */; };
/* End PBXBuildFile section */

/* Begin PBXContainerItemProxy section */
		63D70F19292D2FB100D6374F /* PBXContainerItemProxy */ = {
			isa = PBXContainerItemProxy;
			containerPortal = 6381E1FE2911637D00E2C9A3 /* Project object */;
			proxyType = 1;
			remoteGlobalIDString = 6381E2052911637D00E2C9A3;
			remoteInfo = "Todo-Demo";
		};
/* End PBXContainerItemProxy section */

/* Begin PBXFileReference section */
		6381E2062911637D00E2C9A3 /* Todo-Demo.app */ = {isa = PBXFileReference; explicitFileType = wrapper.application; includeInIndex = 0; path = "Todo-Demo.app"; sourceTree = BUILT_PRODUCTS_DIR; };
		6381E2092911637D00E2C9A3 /* Todo_DemoApp.swift */ = {isa = PBXFileReference; lastKnownFileType = sourcecode.swift; path = Todo_DemoApp.swift; sourceTree = "<group>"; };
		6381E20B2911637D00E2C9A3 /* ContentView.swift */ = {isa = PBXFileReference; lastKnownFileType = sourcecode.swift; path = ContentView.swift; sourceTree = "<group>"; };
		6381E20D2911637E00E2C9A3 /* Assets.xcassets */ = {isa = PBXFileReference; lastKnownFileType = folder.assetcatalog; path = Assets.xcassets; sourceTree = "<group>"; };
		6381E2102911637E00E2C9A3 /* Preview Assets.xcassets */ = {isa = PBXFileReference; lastKnownFileType = folder.assetcatalog; path = "Preview Assets.xcassets"; sourceTree = "<group>"; };
		6381E21C291166AE00E2C9A3 /* GoogleService-Info.plist */ = {isa = PBXFileReference; fileEncoding = 4; lastKnownFileType = text.plist.xml; path = "GoogleService-Info.plist"; sourceTree = "<group>"; };
		6381E22229116A2E00E2C9A3 /* Todo.swift */ = {isa = PBXFileReference; lastKnownFileType = sourcecode.swift; path = Todo.swift; sourceTree = "<group>"; };
		6381E22429116B1D00E2C9A3 /* TodoViewModel.swift */ = {isa = PBXFileReference; lastKnownFileType = sourcecode.swift; path = TodoViewModel.swift; sourceTree = "<group>"; };
		6381E22629116BA700E2C9A3 /* TodoRepository.swift */ = {isa = PBXFileReference; lastKnownFileType = sourcecode.swift; path = TodoRepository.swift; sourceTree = "<group>"; };
		63D70F13292D2FB100D6374F /* Todo-DemoUITests.xctest */ = {isa = PBXFileReference; explicitFileType = wrapper.cfbundle; includeInIndex = 0; path = "Todo-DemoUITests.xctest"; sourceTree = BUILT_PRODUCTS_DIR; };
		63D70F15292D2FB100D6374F /* Todo_DemoUITests.swift */ = {isa = PBXFileReference; lastKnownFileType = sourcecode.swift; path = Todo_DemoUITests.swift; sourceTree = "<group>"; };
		63D70F17292D2FB100D6374F /* Todo_DemoUITestsLaunchTests.swift */ = {isa = PBXFileReference; lastKnownFileType = sourcecode.swift; path = Todo_DemoUITestsLaunchTests.swift; sourceTree = "<group>"; };
/* End PBXFileReference section */

/* Begin PBXFrameworksBuildPhase section */
		6381E2032911637D00E2C9A3 /* Frameworks */ = {
			isa = PBXFrameworksBuildPhase;
			buildActionMask = 2147483647;
			files = (
				63D70F0C292D26A600D6374F /* FirebaseFirestore in Frameworks */,
				63D70F0E292D26A600D6374F /* FirebaseFirestoreSwift in Frameworks */,
			);
			runOnlyForDeploymentPostprocessing = 0;
		};
		63D70F10292D2FB100D6374F /* Frameworks */ = {
			isa = PBXFrameworksBuildPhase;
			buildActionMask = 2147483647;
			files = (
			);
			runOnlyForDeploymentPostprocessing = 0;
		};
/* End PBXFrameworksBuildPhase section */

/* Begin PBXGroup section */
		6381E1FD2911637D00E2C9A3 = {
			isa = PBXGroup;
			children = (
				6381E2082911637D00E2C9A3 /* Todo-Demo */,
				63D70F14292D2FB100D6374F /* Todo-DemoUITests */,
				6381E2072911637D00E2C9A3 /* Products */,
			);
			sourceTree = "<group>";
		};
		6381E2072911637D00E2C9A3 /* Products */ = {
			isa = PBXGroup;
			children = (
				6381E2062911637D00E2C9A3 /* Todo-Demo.app */,
				63D70F13292D2FB100D6374F /* Todo-DemoUITests.xctest */,
			);
			name = Products;
			sourceTree = "<group>";
		};
		6381E2082911637D00E2C9A3 /* Todo-Demo */ = {
			isa = PBXGroup;
			children = (
				6381E22129116A0100E2C9A3 /* Repositories */,
				6381E220291169F400E2C9A3 /* Views */,
				6381E21F291169DE00E2C9A3 /* ViewModels */,
				6381E21E291169D600E2C9A3 /* Models */,
				6381E21C291166AE00E2C9A3 /* GoogleService-Info.plist */,
				6381E2092911637D00E2C9A3 /* Todo_DemoApp.swift */,
				6381E20D2911637E00E2C9A3 /* Assets.xcassets */,
				6381E20F2911637E00E2C9A3 /* Preview Content */,
			);
			path = "Todo-Demo";
			sourceTree = "<group>";
		};
		6381E20F2911637E00E2C9A3 /* Preview Content */ = {
			isa = PBXGroup;
			children = (
				6381E2102911637E00E2C9A3 /* Preview Assets.xcassets */,
			);
			path = "Preview Content";
			sourceTree = "<group>";
		};
		6381E21E291169D600E2C9A3 /* Models */ = {
			isa = PBXGroup;
			children = (
				6381E22229116A2E00E2C9A3 /* Todo.swift */,
			);
			path = Models;
			sourceTree = "<group>";
		};
		6381E21F291169DE00E2C9A3 /* ViewModels */ = {
			isa = PBXGroup;
			children = (
				6381E22429116B1D00E2C9A3 /* TodoViewModel.swift */,
			);
			path = ViewModels;
			sourceTree = "<group>";
		};
		6381E220291169F400E2C9A3 /* Views */ = {
			isa = PBXGroup;
			children = (
				6381E20B2911637D00E2C9A3 /* ContentView.swift */,
			);
			path = Views;
			sourceTree = "<group>";
		};
		6381E22129116A0100E2C9A3 /* Repositories */ = {
			isa = PBXGroup;
			children = (
				6381E22629116BA700E2C9A3 /* TodoRepository.swift */,
			);
			path = Repositories;
			sourceTree = "<group>";
		};
		63D70F14292D2FB100D6374F /* Todo-DemoUITests */ = {
			isa = PBXGroup;
			children = (
				63D70F15292D2FB100D6374F /* Todo_DemoUITests.swift */,
				63D70F17292D2FB100D6374F /* Todo_DemoUITestsLaunchTests.swift */,
			);
			path = "Todo-DemoUITests";
			sourceTree = "<group>";
		};
/* End PBXGroup section */

/* Begin PBXNativeTarget section */
		6381E2052911637D00E2C9A3 /* Todo-Demo */ = {
			isa = PBXNativeTarget;
			buildConfigurationList = 6381E2142911637E00E2C9A3 /* Build configuration list for PBXNativeTarget "Todo-Demo" */;
			buildPhases = (
				6381E2022911637D00E2C9A3 /* Sources */,
				6381E2032911637D00E2C9A3 /* Frameworks */,
				6381E2042911637D00E2C9A3 /* Resources */,
			);
			buildRules = (
			);
			dependencies = (
			);
			name = "Todo-Demo";
			packageProductDependencies = (
				63D70F0B292D26A600D6374F /* FirebaseFirestore */,
				63D70F0D292D26A600D6374F /* FirebaseFirestoreSwift */,
			);
			productName = "Todo-Demo";
			productReference = 6381E2062911637D00E2C9A3 /* Todo-Demo.app */;
			productType = "com.apple.product-type.application";
		};
		63D70F12292D2FB100D6374F /* Todo-DemoUITests */ = {
			isa = PBXNativeTarget;
			buildConfigurationList = 63D70F1D292D2FB100D6374F /* Build configuration list for PBXNativeTarget "Todo-DemoUITests" */;
			buildPhases = (
				63D70F0F292D2FB100D6374F /* Sources */,
				63D70F10292D2FB100D6374F /* Frameworks */,
				63D70F11292D2FB100D6374F /* Resources */,
			);
			buildRules = (
			);
			dependencies = (
				63D70F1A292D2FB100D6374F /* PBXTargetDependency */,
			);
			name = "Todo-DemoUITests";
			productName = "Todo-DemoUITests";
			productReference = 63D70F13292D2FB100D6374F /* Todo-DemoUITests.xctest */;
			productType = "com.apple.product-type.bundle.ui-testing";
		};
/* End PBXNativeTarget section */

/* Begin PBXProject section */
		6381E1FE2911637D00E2C9A3 /* Project object */ = {
			isa = PBXProject;
			attributes = {
				BuildIndependentTargetsInParallel = 1;
				LastSwiftUpdateCheck = 1340;
				LastUpgradeCheck = 1340;
				TargetAttributes = {
					6381E2052911637D00E2C9A3 = {
						CreatedOnToolsVersion = 13.4.1;
					};
					63D70F12292D2FB100D6374F = {
						CreatedOnToolsVersion = 13.4.1;
						TestTargetID = 6381E2052911637D00E2C9A3;
					};
				};
			};
			buildConfigurationList = 6381E2012911637D00E2C9A3 /* Build configuration list for PBXProject "Todo-Demo" */;
			compatibilityVersion = "Xcode 13.0";
			developmentRegion = en;
			hasScannedForEncodings = 0;
			knownRegions = (
				en,
				Base,
			);
			mainGroup = 6381E1FD2911637D00E2C9A3;
			packageReferences = (
				63D70F0A292D26A600D6374F /* XCRemoteSwiftPackageReference "firebase-ios-sdk" */,
			);
			productRefGroup = 6381E2072911637D00E2C9A3 /* Products */;
			projectDirPath = "";
			projectRoot = "";
			targets = (
				6381E2052911637D00E2C9A3 /* Todo-Demo */,
				63D70F12292D2FB100D6374F /* Todo-DemoUITests */,
			);
		};
/* End PBXProject section */

/* Begin PBXResourcesBuildPhase section */
		6381E2042911637D00E2C9A3 /* Resources */ = {
			isa = PBXResourcesBuildPhase;
			buildActionMask = 2147483647;
			files = (
				6381E2112911637E00E2C9A3 /* Preview Assets.xcassets in Resources */,
				6381E21D291166AE00E2C9A3 /* GoogleService-Info.plist in Resources */,
				6381E20E2911637E00E2C9A3 /* Assets.xcassets in Resources */,
			);
			runOnlyForDeploymentPostprocessing = 0;
		};
		63D70F11292D2FB100D6374F /* Resources */ = {
			isa = PBXResourcesBuildPhase;
			buildActionMask = 2147483647;
			files = (
			);
			runOnlyForDeploymentPostprocessing = 0;
		};
/* End PBXResourcesBuildPhase section */

/* Begin PBXSourcesBuildPhase section */
		6381E2022911637D00E2C9A3 /* Sources */ = {
			isa = PBXSourcesBuildPhase;
			buildActionMask = 2147483647;
			files = (
				6381E22729116BA700E2C9A3 /* TodoRepository.swift in Sources */,
				6381E22529116B1D00E2C9A3 /* TodoViewModel.swift in Sources */,
				6381E20C2911637D00E2C9A3 /* ContentView.swift in Sources */,
				6381E22329116A2E00E2C9A3 /* Todo.swift in Sources */,
				6381E20A2911637D00E2C9A3 /* Todo_DemoApp.swift in Sources */,
			);
			runOnlyForDeploymentPostprocessing = 0;
		};
		63D70F0F292D2FB100D6374F /* Sources */ = {
			isa = PBXSourcesBuildPhase;
			buildActionMask = 2147483647;
			files = (
				63D70F16292D2FB100D6374F /* Todo_DemoUITests.swift in Sources */,
				63D70F18292D2FB100D6374F /* Todo_DemoUITestsLaunchTests.swift in Sources */,
			);
			runOnlyForDeploymentPostprocessing = 0;
		};
/* End PBXSourcesBuildPhase section */

/* Begin PBXTargetDependency section */
		63D70F1A292D2FB100D6374F /* PBXTargetDependency */ = {
			isa = PBXTargetDependency;
			target = 6381E2052911637D00E2C9A3 /* Todo-Demo */;
			targetProxy = 63D70F19292D2FB100D6374F /* PBXContainerItemProxy */;
		};
/* End PBXTargetDependency section */

/* Begin XCBuildConfiguration section */
		6381E2122911637E00E2C9A3 /* Debug */ = {
			isa = XCBuildConfiguration;
			buildSettings = {
				ALWAYS_SEARCH_USER_PATHS = NO;
				CLANG_ANALYZER_NONNULL = YES;
				CLANG_ANALYZER_NUMBER_OBJECT_CONVERSION = YES_AGGRESSIVE;
				CLANG_CXX_LANGUAGE_STANDARD = "gnu++17";
				CLANG_ENABLE_MODULES = YES;
				CLANG_ENABLE_OBJC_ARC = YES;
				CLANG_ENABLE_OBJC_WEAK = YES;
				CLANG_WARN_BLOCK_CAPTURE_AUTORELEASING = YES;
				CLANG_WARN_BOOL_CONVERSION = YES;
				CLANG_WARN_COMMA = YES;
				CLANG_WARN_CONSTANT_CONVERSION = YES;
				CLANG_WARN_DEPRECATED_OBJC_IMPLEMENTATIONS = YES;
				CLANG_WARN_DIRECT_OBJC_ISA_USAGE = YES_ERROR;
				CLANG_WARN_DOCUMENTATION_COMMENTS = YES;
				CLANG_WARN_EMPTY_BODY = YES;
				CLANG_WARN_ENUM_CONVERSION = YES;
				CLANG_WARN_INFINITE_RECURSION = YES;
				CLANG_WARN_INT_CONVERSION = YES;
				CLANG_WARN_NON_LITERAL_NULL_CONVERSION = YES;
				CLANG_WARN_OBJC_IMPLICIT_RETAIN_SELF = YES;
				CLANG_WARN_OBJC_LITERAL_CONVERSION = YES;
				CLANG_WARN_OBJC_ROOT_CLASS = YES_ERROR;
				CLANG_WARN_QUOTED_INCLUDE_IN_FRAMEWORK_HEADER = YES;
				CLANG_WARN_RANGE_LOOP_ANALYSIS = YES;
				CLANG_WARN_STRICT_PROTOTYPES = YES;
				CLANG_WARN_SUSPICIOUS_MOVE = YES;
				CLANG_WARN_UNGUARDED_AVAILABILITY = YES_AGGRESSIVE;
				CLANG_WARN_UNREACHABLE_CODE = YES;
				CLANG_WARN__DUPLICATE_METHOD_MATCH = YES;
				COPY_PHASE_STRIP = NO;
				DEBUG_INFORMATION_FORMAT = dwarf;
				ENABLE_STRICT_OBJC_MSGSEND = YES;
				ENABLE_TESTABILITY = YES;
				GCC_C_LANGUAGE_STANDARD = gnu11;
				GCC_DYNAMIC_NO_PIC = NO;
				GCC_NO_COMMON_BLOCKS = YES;
				GCC_OPTIMIZATION_LEVEL = 0;
				GCC_PREPROCESSOR_DEFINITIONS = (
					"DEBUG=1",
					"$(inherited)",
				);
				GCC_WARN_64_TO_32_BIT_CONVERSION = YES;
				GCC_WARN_ABOUT_RETURN_TYPE = YES_ERROR;
				GCC_WARN_UNDECLARED_SELECTOR = YES;
				GCC_WARN_UNINITIALIZED_AUTOS = YES_AGGRESSIVE;
				GCC_WARN_UNUSED_FUNCTION = YES;
				GCC_WARN_UNUSED_VARIABLE = YES;
				IPHONEOS_DEPLOYMENT_TARGET = 15.5;
				MTL_ENABLE_DEBUG_INFO = INCLUDE_SOURCE;
				MTL_FAST_MATH = YES;
				ONLY_ACTIVE_ARCH = YES;
				SDKROOT = iphoneos;
				SWIFT_ACTIVE_COMPILATION_CONDITIONS = DEBUG;
				SWIFT_OPTIMIZATION_LEVEL = "-Onone";
			};
			name = Debug;
		};
		6381E2132911637E00E2C9A3 /* Release */ = {
			isa = XCBuildConfiguration;
			buildSettings = {
				ALWAYS_SEARCH_USER_PATHS = NO;
				CLANG_ANALYZER_NONNULL = YES;
				CLANG_ANALYZER_NUMBER_OBJECT_CONVERSION = YES_AGGRESSIVE;
				CLANG_CXX_LANGUAGE_STANDARD = "gnu++17";
				CLANG_ENABLE_MODULES = YES;
				CLANG_ENABLE_OBJC_ARC = YES;
				CLANG_ENABLE_OBJC_WEAK = YES;
				CLANG_WARN_BLOCK_CAPTURE_AUTORELEASING = YES;
				CLANG_WARN_BOOL_CONVERSION = YES;
				CLANG_WARN_COMMA = YES;
				CLANG_WARN_CONSTANT_CONVERSION = YES;
				CLANG_WARN_DEPRECATED_OBJC_IMPLEMENTATIONS = YES;
				CLANG_WARN_DIRECT_OBJC_ISA_USAGE = YES_ERROR;
				CLANG_WARN_DOCUMENTATION_COMMENTS = YES;
				CLANG_WARN_EMPTY_BODY = YES;
				CLANG_WARN_ENUM_CONVERSION = YES;
				CLANG_WARN_INFINITE_RECURSION = YES;
				CLANG_WARN_INT_CONVERSION = YES;
				CLANG_WARN_NON_LITERAL_NULL_CONVERSION = YES;
				CLANG_WARN_OBJC_IMPLICIT_RETAIN_SELF = YES;
				CLANG_WARN_OBJC_LITERAL_CONVERSION = YES;
				CLANG_WARN_OBJC_ROOT_CLASS = YES_ERROR;
				CLANG_WARN_QUOTED_INCLUDE_IN_FRAMEWORK_HEADER = YES;
				CLANG_WARN_RANGE_LOOP_ANALYSIS = YES;
				CLANG_WARN_STRICT_PROTOTYPES = YES;
				CLANG_WARN_SUSPICIOUS_MOVE = YES;
				CLANG_WARN_UNGUARDED_AVAILABILITY = YES_AGGRESSIVE;
				CLANG_WARN_UNREACHABLE_CODE = YES;
				CLANG_WARN__DUPLICATE_METHOD_MATCH = YES;
				COPY_PHASE_STRIP = NO;
				DEBUG_INFORMATION_FORMAT = "dwarf-with-dsym";
				ENABLE_NS_ASSERTIONS = NO;
				ENABLE_STRICT_OBJC_MSGSEND = YES;
				GCC_C_LANGUAGE_STANDARD = gnu11;
				GCC_NO_COMMON_BLOCKS = YES;
				GCC_WARN_64_TO_32_BIT_CONVERSION = YES;
				GCC_WARN_ABOUT_RETURN_TYPE = YES_ERROR;
				GCC_WARN_UNDECLARED_SELECTOR = YES;
				GCC_WARN_UNINITIALIZED_AUTOS = YES_AGGRESSIVE;
				GCC_WARN_UNUSED_FUNCTION = YES;
				GCC_WARN_UNUSED_VARIABLE = YES;
				IPHONEOS_DEPLOYMENT_TARGET = 15.5;
				MTL_ENABLE_DEBUG_INFO = NO;
				MTL_FAST_MATH = YES;
				SDKROOT = iphoneos;
				SWIFT_COMPILATION_MODE = wholemodule;
				SWIFT_OPTIMIZATION_LEVEL = "-O";
				VALIDATE_PRODUCT = YES;
			};
			name = Release;
		};
		6381E2152911637E00E2C9A3 /* Debug */ = {
			isa = XCBuildConfiguration;
			buildSettings = {
				ASSETCATALOG_COMPILER_APPICON_NAME = AppIcon;
				ASSETCATALOG_COMPILER_GLOBAL_ACCENT_COLOR_NAME = AccentColor;
				CODE_SIGN_STYLE = Automatic;
				CURRENT_PROJECT_VERSION = 1;
				DEVELOPMENT_ASSET_PATHS = "\"Todo-Demo/Preview Content\"";
				ENABLE_PREVIEWS = YES;
				GENERATE_INFOPLIST_FILE = YES;
				INFOPLIST_KEY_UIApplicationSceneManifest_Generation = YES;
				INFOPLIST_KEY_UIApplicationSupportsIndirectInputEvents = YES;
				INFOPLIST_KEY_UILaunchScreen_Generation = YES;
				INFOPLIST_KEY_UISupportedInterfaceOrientations_iPad = "UIInterfaceOrientationPortrait UIInterfaceOrientationPortraitUpsideDown UIInterfaceOrientationLandscapeLeft UIInterfaceOrientationLandscapeRight";
				INFOPLIST_KEY_UISupportedInterfaceOrientations_iPhone = "UIInterfaceOrientationPortrait UIInterfaceOrientationLandscapeLeft UIInterfaceOrientationLandscapeRight";
				LD_RUNPATH_SEARCH_PATHS = (
					"$(inherited)",
					"@executable_path/Frameworks",
				);
				MARKETING_VERSION = 1.0;
				PRODUCT_BUNDLE_IDENTIFIER = "com.champlain.Todo-Demo";
				PRODUCT_NAME = "$(TARGET_NAME)";
				SWIFT_EMIT_LOC_STRINGS = YES;
				SWIFT_VERSION = 5.0;
				TARGETED_DEVICE_FAMILY = "1,2";
			};
			name = Debug;
		};
		6381E2162911637E00E2C9A3 /* Release */ = {
			isa = XCBuildConfiguration;
			buildSettings = {
				ASSETCATALOG_COMPILER_APPICON_NAME = AppIcon;
				ASSETCATALOG_COMPILER_GLOBAL_ACCENT_COLOR_NAME = AccentColor;
				CODE_SIGN_STYLE = Automatic;
				CURRENT_PROJECT_VERSION = 1;
				DEVELOPMENT_ASSET_PATHS = "\"Todo-Demo/Preview Content\"";
				ENABLE_PREVIEWS = YES;
				GENERATE_INFOPLIST_FILE = YES;
				INFOPLIST_KEY_UIApplicationSceneManifest_Generation = YES;
				INFOPLIST_KEY_UIApplicationSupportsIndirectInputEvents = YES;
				INFOPLIST_KEY_UILaunchScreen_Generation = YES;
				INFOPLIST_KEY_UISupportedInterfaceOrientations_iPad = "UIInterfaceOrientationPortrait UIInterfaceOrientationPortraitUpsideDown UIInterfaceOrientationLandscapeLeft UIInterfaceOrientationLandscapeRight";
				INFOPLIST_KEY_UISupportedInterfaceOrientations_iPhone = "UIInterfaceOrientationPortrait UIInterfaceOrientationLandscapeLeft UIInterfaceOrientationLandscapeRight";
				LD_RUNPATH_SEARCH_PATHS = (
					"$(inherited)",
					"@executable_path/Frameworks",
				);
				MARKETING_VERSION = 1.0;
				PRODUCT_BUNDLE_IDENTIFIER = "com.champlain.Todo-Demo";
				PRODUCT_NAME = "$(TARGET_NAME)";
				SWIFT_EMIT_LOC_STRINGS = YES;
				SWIFT_VERSION = 5.0;
				TARGETED_DEVICE_FAMILY = "1,2";
			};
			name = Release;
		};
		63D70F1B292D2FB100D6374F /* Debug */ = {
			isa = XCBuildConfiguration;
			buildSettings = {
				CODE_SIGN_STYLE = Automatic;
				CURRENT_PROJECT_VERSION = 1;
				GENERATE_INFOPLIST_FILE = YES;
				MARKETING_VERSION = 1.0;
				PRODUCT_BUNDLE_IDENTIFIER = "com.dimitri.Todo-DemoUITests";
				PRODUCT_NAME = "$(TARGET_NAME)";
				SWIFT_EMIT_LOC_STRINGS = NO;
				SWIFT_VERSION = 5.0;
				TARGETED_DEVICE_FAMILY = "1,2";
				TEST_TARGET_NAME = "Todo-Demo";
			};
			name = Debug;
		};
		63D70F1C292D2FB100D6374F /* Release */ = {
			isa = XCBuildConfiguration;
			buildSettings = {
				CODE_SIGN_STYLE = Automatic;
				CURRENT_PROJECT_VERSION = 1;
				GENERATE_INFOPLIST_FILE = YES;
				MARKETING_VERSION = 1.0;
				PRODUCT_BUNDLE_IDENTIFIER = "com.dimitri.Todo-DemoUITests";
				PRODUCT_NAME = "$(TARGET_NAME)";
				SWIFT_EMIT_LOC_STRINGS = NO;
				SWIFT_VERSION = 5.0;
				TARGETED_DEVICE_FAMILY = "1,2";
				TEST_TARGET_NAME = "Todo-Demo";
			};
			name = Release;
		};
/* End XCBuildConfiguration section */

/* Begin XCConfigurationList section */
		6381E2012911637D00E2C9A3 /* Build configuration list for PBXProject "Todo-Demo" */ = {
			isa = XCConfigurationList;
			buildConfigurations = (
				6381E2122911637E00E2C9A3 /* Debug */,
				6381E2132911637E00E2C9A3 /* Release */,
			);
			defaultConfigurationIsVisible = 0;
			defaultConfigurationName = Release;
		};
		6381E2142911637E00E2C9A3 /* Build configuration list for PBXNativeTarget "Todo-Demo" */ = {
			isa = XCConfigurationList;
			buildConfigurations = (
				6381E2152911637E00E2C9A3 /* Debug */,
				6381E2162911637E00E2C9A3 /* Release */,
			);
			defaultConfigurationIsVisible = 0;
			defaultConfigurationName = Release;
		};
		63D70F1D292D2FB100D6374F /* Build configuration list for PBXNativeTarget "Todo-DemoUITests" */ = {
			isa = XCConfigurationList;
			buildConfigurations = (
				63D70F1B292D2FB100D6374F /* Debug */,
				63D70F1C292D2FB100D6374F /* Release */,
			);
			defaultConfigurationIsVisible = 0;
			defaultConfigurationName = Release;
		};
/* End XCConfigurationList section */

/* Begin XCRemoteSwiftPackageReference section */
		63D70F0A292D26A600D6374F /* XCRemoteSwiftPackageReference "firebase-ios-sdk" */ = {
			isa = XCRemoteSwiftPackageReference;
			repositoryURL = "https://github.com/firebase/firebase-ios-sdk";
			requirement = {
				branch = master;
				kind = branch;
			};
		};
/* End XCRemoteSwiftPackageReference section */

/* Begin XCSwiftPackageProductDependency section */
		63D70F0B292D26A600D6374F /* FirebaseFirestore */ = {
			isa = XCSwiftPackageProductDependency;
			package = 63D70F0A292D26A600D6374F /* XCRemoteSwiftPackageReference "firebase-ios-sdk" */;
			productName = FirebaseFirestore;
		};
		63D70F0D292D26A600D6374F /* FirebaseFirestoreSwift */ = {
			isa = XCSwiftPackageProductDependency;
			package = 63D70F0A292D26A600D6374F /* XCRemoteSwiftPackageReference "firebase-ios-sdk" */;
			productName = FirebaseFirestoreSwift;
		};
/* End XCSwiftPackageProductDependency section */
	};
	rootObject = 6381E1FE2911637D00E2C9A3 /* Project object */;
}
