// !$*UTF8*$!
{
	archiveVersion = 1;
	classes = {
	};
	objectVersion = 56;
	objects = {

/* Begin PBXBuildFile section */
		052B13C82918C9CF006CAF56 /* CharacterCard.swift in Sources */ = {isa = PBXBuildFile; fileRef = 052B13C72918C9CF006CAF56 /* CharacterCard.swift */; };
		052B13CA2918D16E006CAF56 /* CharacterMoreInfo.swift in Sources */ = {isa = PBXBuildFile; fileRef = 052B13C92918D16E006CAF56 /* CharacterMoreInfo.swift */; };
		05BDA2D4291578790053B449 /* CharacterDexAppApp.swift in Sources */ = {isa = PBXBuildFile; fileRef = 05BDA2D3291578790053B449 /* CharacterDexAppApp.swift */; };
		05BDA2D6291578790053B449 /* ContentView.swift in Sources */ = {isa = PBXBuildFile; fileRef = 05BDA2D5291578790053B449 /* ContentView.swift */; };
		05BDA2D82915787B0053B449 /* Assets.xcassets in Resources */ = {isa = PBXBuildFile; fileRef = 05BDA2D72915787B0053B449 /* Assets.xcassets */; };
		05BDA2DB2915787B0053B449 /* Preview Assets.xcassets in Resources */ = {isa = PBXBuildFile; fileRef = 05BDA2DA2915787B0053B449 /* Preview Assets.xcassets */; };
		05BDA2E52915787B0053B449 /* CharacterDexAppTests.swift in Sources */ = {isa = PBXBuildFile; fileRef = 05BDA2E42915787B0053B449 /* CharacterDexAppTests.swift */; };
		05BDA2EF2915787B0053B449 /* CharacterDexAppUITests.swift in Sources */ = {isa = PBXBuildFile; fileRef = 05BDA2EE2915787B0053B449 /* CharacterDexAppUITests.swift */; };
		05BDA2F12915787B0053B449 /* CharacterDexAppUITestsLaunchTests.swift in Sources */ = {isa = PBXBuildFile; fileRef = 05BDA2F02915787B0053B449 /* CharacterDexAppUITestsLaunchTests.swift */; };
		05BDA30129157BAD0053B449 /* CharacterModel.swift in Sources */ = {isa = PBXBuildFile; fileRef = 05BDA30029157BAD0053B449 /* CharacterModel.swift */; };
		05BDA305291585D80053B449 /* CharacterViewmodel.swift in Sources */ = {isa = PBXBuildFile; fileRef = 05BDA304291585D80053B449 /* CharacterViewmodel.swift */; };
/* End PBXBuildFile section */

/* Begin PBXContainerItemProxy section */
		05BDA2E12915787B0053B449 /* PBXContainerItemProxy */ = {
			isa = PBXContainerItemProxy;
			containerPortal = 05BDA2C8291578790053B449 /* Project object */;
			proxyType = 1;
			remoteGlobalIDString = 05BDA2CF291578790053B449;
			remoteInfo = CharacterDexApp;
		};
		05BDA2EB2915787B0053B449 /* PBXContainerItemProxy */ = {
			isa = PBXContainerItemProxy;
			containerPortal = 05BDA2C8291578790053B449 /* Project object */;
			proxyType = 1;
			remoteGlobalIDString = 05BDA2CF291578790053B449;
			remoteInfo = CharacterDexApp;
		};
/* End PBXContainerItemProxy section */

/* Begin PBXFileReference section */
		052B13C72918C9CF006CAF56 /* CharacterCard.swift */ = {isa = PBXFileReference; lastKnownFileType = sourcecode.swift; path = CharacterCard.swift; sourceTree = "<group>"; };
		052B13C92918D16E006CAF56 /* CharacterMoreInfo.swift */ = {isa = PBXFileReference; lastKnownFileType = sourcecode.swift; path = CharacterMoreInfo.swift; sourceTree = "<group>"; };
		05BDA2D0291578790053B449 /* CharacterDexApp.app */ = {isa = PBXFileReference; explicitFileType = wrapper.application; includeInIndex = 0; path = CharacterDexApp.app; sourceTree = BUILT_PRODUCTS_DIR; };
		05BDA2D3291578790053B449 /* CharacterDexAppApp.swift */ = {isa = PBXFileReference; lastKnownFileType = sourcecode.swift; path = CharacterDexAppApp.swift; sourceTree = "<group>"; };
		05BDA2D5291578790053B449 /* ContentView.swift */ = {isa = PBXFileReference; lastKnownFileType = sourcecode.swift; path = ContentView.swift; sourceTree = "<group>"; };
		05BDA2D72915787B0053B449 /* Assets.xcassets */ = {isa = PBXFileReference; lastKnownFileType = folder.assetcatalog; path = Assets.xcassets; sourceTree = "<group>"; };
		05BDA2DA2915787B0053B449 /* Preview Assets.xcassets */ = {isa = PBXFileReference; lastKnownFileType = folder.assetcatalog; path = "Preview Assets.xcassets"; sourceTree = "<group>"; };
		05BDA2E02915787B0053B449 /* CharacterDexAppTests.xctest */ = {isa = PBXFileReference; explicitFileType = wrapper.cfbundle; includeInIndex = 0; path = CharacterDexAppTests.xctest; sourceTree = BUILT_PRODUCTS_DIR; };
		05BDA2E42915787B0053B449 /* CharacterDexAppTests.swift */ = {isa = PBXFileReference; lastKnownFileType = sourcecode.swift; path = CharacterDexAppTests.swift; sourceTree = "<group>"; };
		05BDA2EA2915787B0053B449 /* CharacterDexAppUITests.xctest */ = {isa = PBXFileReference; explicitFileType = wrapper.cfbundle; includeInIndex = 0; path = CharacterDexAppUITests.xctest; sourceTree = BUILT_PRODUCTS_DIR; };
		05BDA2EE2915787B0053B449 /* CharacterDexAppUITests.swift */ = {isa = PBXFileReference; lastKnownFileType = sourcecode.swift; path = CharacterDexAppUITests.swift; sourceTree = "<group>"; };
		05BDA2F02915787B0053B449 /* CharacterDexAppUITestsLaunchTests.swift */ = {isa = PBXFileReference; lastKnownFileType = sourcecode.swift; path = CharacterDexAppUITestsLaunchTests.swift; sourceTree = "<group>"; };
		05BDA30029157BAD0053B449 /* CharacterModel.swift */ = {isa = PBXFileReference; lastKnownFileType = sourcecode.swift; path = CharacterModel.swift; sourceTree = "<group>"; };
		05BDA304291585D80053B449 /* CharacterViewmodel.swift */ = {isa = PBXFileReference; lastKnownFileType = sourcecode.swift; path = CharacterViewmodel.swift; sourceTree = "<group>"; };
/* End PBXFileReference section */

/* Begin PBXFrameworksBuildPhase section */
		05BDA2CD291578790053B449 /* Frameworks */ = {
			isa = PBXFrameworksBuildPhase;
			buildActionMask = 2147483647;
			files = (
			);
			runOnlyForDeploymentPostprocessing = 0;
		};
		05BDA2DD2915787B0053B449 /* Frameworks */ = {
			isa = PBXFrameworksBuildPhase;
			buildActionMask = 2147483647;
			files = (
			);
			runOnlyForDeploymentPostprocessing = 0;
		};
		05BDA2E72915787B0053B449 /* Frameworks */ = {
			isa = PBXFrameworksBuildPhase;
			buildActionMask = 2147483647;
			files = (
			);
			runOnlyForDeploymentPostprocessing = 0;
		};
/* End PBXFrameworksBuildPhase section */

/* Begin PBXGroup section */
		052B13C62918C9BC006CAF56 /* Reusable */ = {
			isa = PBXGroup;
			children = (
				052B13C72918C9CF006CAF56 /* CharacterCard.swift */,
				052B13C92918D16E006CAF56 /* CharacterMoreInfo.swift */,
			);
			path = Reusable;
			sourceTree = "<group>";
		};
		05BDA2C7291578790053B449 = {
			isa = PBXGroup;
			children = (
				05BDA2FF2915791E0053B449 /* ViewModel */,
				05BDA2FE291579170053B449 /* View */,
				05BDA2FD291579090053B449 /* Model */,
				05BDA2D2291578790053B449 /* CharacterDexApp */,
				05BDA2E32915787B0053B449 /* CharacterDexAppTests */,
				05BDA2ED2915787B0053B449 /* CharacterDexAppUITests */,
				05BDA2D1291578790053B449 /* Products */,
			);
			sourceTree = "<group>";
		};
		05BDA2D1291578790053B449 /* Products */ = {
			isa = PBXGroup;
			children = (
				05BDA2D0291578790053B449 /* CharacterDexApp.app */,
				05BDA2E02915787B0053B449 /* CharacterDexAppTests.xctest */,
				05BDA2EA2915787B0053B449 /* CharacterDexAppUITests.xctest */,
			);
			name = Products;
			sourceTree = "<group>";
		};
		05BDA2D2291578790053B449 /* CharacterDexApp */ = {
			isa = PBXGroup;
			children = (
				05BDA2D3291578790053B449 /* CharacterDexAppApp.swift */,
				05BDA2D72915787B0053B449 /* Assets.xcassets */,
				05BDA2D92915787B0053B449 /* Preview Content */,
			);
			path = CharacterDexApp;
			sourceTree = "<group>";
		};
		05BDA2D92915787B0053B449 /* Preview Content */ = {
			isa = PBXGroup;
			children = (
				05BDA2DA2915787B0053B449 /* Preview Assets.xcassets */,
			);
			path = "Preview Content";
			sourceTree = "<group>";
		};
		05BDA2E32915787B0053B449 /* CharacterDexAppTests */ = {
			isa = PBXGroup;
			children = (
				05BDA2E42915787B0053B449 /* CharacterDexAppTests.swift */,
			);
			path = CharacterDexAppTests;
			sourceTree = "<group>";
		};
		05BDA2ED2915787B0053B449 /* CharacterDexAppUITests */ = {
			isa = PBXGroup;
			children = (
				05BDA2EE2915787B0053B449 /* CharacterDexAppUITests.swift */,
				05BDA2F02915787B0053B449 /* CharacterDexAppUITestsLaunchTests.swift */,
			);
			path = CharacterDexAppUITests;
			sourceTree = "<group>";
		};
		05BDA2FD291579090053B449 /* Model */ = {
			isa = PBXGroup;
			children = (
				05BDA30029157BAD0053B449 /* CharacterModel.swift */,
			);
			path = Model;
			sourceTree = "<group>";
		};
		05BDA2FE291579170053B449 /* View */ = {
			isa = PBXGroup;
			children = (
				052B13C62918C9BC006CAF56 /* Reusable */,
				05BDA2D5291578790053B449 /* ContentView.swift */,
			);
			path = View;
			sourceTree = "<group>";
		};
		05BDA2FF2915791E0053B449 /* ViewModel */ = {
			isa = PBXGroup;
			children = (
				05BDA304291585D80053B449 /* CharacterViewmodel.swift */,
			);
			path = ViewModel;
			sourceTree = "<group>";
		};
/* End PBXGroup section */

/* Begin PBXNativeTarget section */
		05BDA2CF291578790053B449 /* CharacterDexApp */ = {
			isa = PBXNativeTarget;
			buildConfigurationList = 05BDA2F42915787B0053B449 /* Build configuration list for PBXNativeTarget "CharacterDexApp" */;
			buildPhases = (
				05BDA2CC291578790053B449 /* Sources */,
				05BDA2CD291578790053B449 /* Frameworks */,
				05BDA2CE291578790053B449 /* Resources */,
			);
			buildRules = (
			);
			dependencies = (
			);
			name = CharacterDexApp;
			productName = CharacterDexApp;
			productReference = 05BDA2D0291578790053B449 /* CharacterDexApp.app */;
			productType = "com.apple.product-type.application";
		};
		05BDA2DF2915787B0053B449 /* CharacterDexAppTests */ = {
			isa = PBXNativeTarget;
			buildConfigurationList = 05BDA2F72915787B0053B449 /* Build configuration list for PBXNativeTarget "CharacterDexAppTests" */;
			buildPhases = (
				05BDA2DC2915787B0053B449 /* Sources */,
				05BDA2DD2915787B0053B449 /* Frameworks */,
				05BDA2DE2915787B0053B449 /* Resources */,
			);
			buildRules = (
			);
			dependencies = (
				05BDA2E22915787B0053B449 /* PBXTargetDependency */,
			);
			name = CharacterDexAppTests;
			productName = CharacterDexAppTests;
			productReference = 05BDA2E02915787B0053B449 /* CharacterDexAppTests.xctest */;
			productType = "com.apple.product-type.bundle.unit-test";
		};
		05BDA2E92915787B0053B449 /* CharacterDexAppUITests */ = {
			isa = PBXNativeTarget;
			buildConfigurationList = 05BDA2FA2915787B0053B449 /* Build configuration list for PBXNativeTarget "CharacterDexAppUITests" */;
			buildPhases = (
				05BDA2E62915787B0053B449 /* Sources */,
				05BDA2E72915787B0053B449 /* Frameworks */,
				05BDA2E82915787B0053B449 /* Resources */,
			);
			buildRules = (
			);
			dependencies = (
				05BDA2EC2915787B0053B449 /* PBXTargetDependency */,
			);
			name = CharacterDexAppUITests;
			productName = CharacterDexAppUITests;
			productReference = 05BDA2EA2915787B0053B449 /* CharacterDexAppUITests.xctest */;
			productType = "com.apple.product-type.bundle.ui-testing";
		};
/* End PBXNativeTarget section */

/* Begin PBXProject section */
		05BDA2C8291578790053B449 /* Project object */ = {
			isa = PBXProject;
			attributes = {
				BuildIndependentTargetsInParallel = 1;
				LastSwiftUpdateCheck = 1400;
				LastUpgradeCheck = 1400;
				TargetAttributes = {
					05BDA2CF291578790053B449 = {
						CreatedOnToolsVersion = 14.0.1;
					};
					05BDA2DF2915787B0053B449 = {
						CreatedOnToolsVersion = 14.0.1;
						TestTargetID = 05BDA2CF291578790053B449;
					};
					05BDA2E92915787B0053B449 = {
						CreatedOnToolsVersion = 14.0.1;
						TestTargetID = 05BDA2CF291578790053B449;
					};
				};
			};
			buildConfigurationList = 05BDA2CB291578790053B449 /* Build configuration list for PBXProject "CharacterDexApp" */;
			compatibilityVersion = "Xcode 14.0";
			developmentRegion = en;
			hasScannedForEncodings = 0;
			knownRegions = (
				en,
				Base,
			);
			mainGroup = 05BDA2C7291578790053B449;
			productRefGroup = 05BDA2D1291578790053B449 /* Products */;
			projectDirPath = "";
			projectRoot = "";
			targets = (
				05BDA2CF291578790053B449 /* CharacterDexApp */,
				05BDA2DF2915787B0053B449 /* CharacterDexAppTests */,
				05BDA2E92915787B0053B449 /* CharacterDexAppUITests */,
			);
		};
/* End PBXProject section */

/* Begin PBXResourcesBuildPhase section */
		05BDA2CE291578790053B449 /* Resources */ = {
			isa = PBXResourcesBuildPhase;
			buildActionMask = 2147483647;
			files = (
				05BDA2DB2915787B0053B449 /* Preview Assets.xcassets in Resources */,
				05BDA2D82915787B0053B449 /* Assets.xcassets in Resources */,
			);
			runOnlyForDeploymentPostprocessing = 0;
		};
		05BDA2DE2915787B0053B449 /* Resources */ = {
			isa = PBXResourcesBuildPhase;
			buildActionMask = 2147483647;
			files = (
			);
			runOnlyForDeploymentPostprocessing = 0;
		};
		05BDA2E82915787B0053B449 /* Resources */ = {
			isa = PBXResourcesBuildPhase;
			buildActionMask = 2147483647;
			files = (
			);
			runOnlyForDeploymentPostprocessing = 0;
		};
/* End PBXResourcesBuildPhase section */

/* Begin PBXSourcesBuildPhase section */
		05BDA2CC291578790053B449 /* Sources */ = {
			isa = PBXSourcesBuildPhase;
			buildActionMask = 2147483647;
			files = (
				052B13C82918C9CF006CAF56 /* CharacterCard.swift in Sources */,
				05BDA305291585D80053B449 /* CharacterViewmodel.swift in Sources */,
				05BDA30129157BAD0053B449 /* CharacterModel.swift in Sources */,
				05BDA2D6291578790053B449 /* ContentView.swift in Sources */,
				052B13CA2918D16E006CAF56 /* CharacterMoreInfo.swift in Sources */,
				05BDA2D4291578790053B449 /* CharacterDexAppApp.swift in Sources */,
			);
			runOnlyForDeploymentPostprocessing = 0;
		};
		05BDA2DC2915787B0053B449 /* Sources */ = {
			isa = PBXSourcesBuildPhase;
			buildActionMask = 2147483647;
			files = (
				05BDA2E52915787B0053B449 /* CharacterDexAppTests.swift in Sources */,
			);
			runOnlyForDeploymentPostprocessing = 0;
		};
		05BDA2E62915787B0053B449 /* Sources */ = {
			isa = PBXSourcesBuildPhase;
			buildActionMask = 2147483647;
			files = (
				05BDA2F12915787B0053B449 /* CharacterDexAppUITestsLaunchTests.swift in Sources */,
				05BDA2EF2915787B0053B449 /* CharacterDexAppUITests.swift in Sources */,
			);
			runOnlyForDeploymentPostprocessing = 0;
		};
/* End PBXSourcesBuildPhase section */

/* Begin PBXTargetDependency section */
		05BDA2E22915787B0053B449 /* PBXTargetDependency */ = {
			isa = PBXTargetDependency;
			target = 05BDA2CF291578790053B449 /* CharacterDexApp */;
			targetProxy = 05BDA2E12915787B0053B449 /* PBXContainerItemProxy */;
		};
		05BDA2EC2915787B0053B449 /* PBXTargetDependency */ = {
			isa = PBXTargetDependency;
			target = 05BDA2CF291578790053B449 /* CharacterDexApp */;
			targetProxy = 05BDA2EB2915787B0053B449 /* PBXContainerItemProxy */;
		};
/* End PBXTargetDependency section */

/* Begin XCBuildConfiguration section */
		05BDA2F22915787B0053B449 /* Debug */ = {
			isa = XCBuildConfiguration;
			buildSettings = {
				ALWAYS_SEARCH_USER_PATHS = NO;
				CLANG_ANALYZER_NONNULL = YES;
				CLANG_ANALYZER_NUMBER_OBJECT_CONVERSION = YES_AGGRESSIVE;
				CLANG_CXX_LANGUAGE_STANDARD = "gnu++20";
				CLANG_ENABLE_MODULES = YES;
				CLANG_ENABLE_OBJC_ARC = YES;
				CLANG_ENABLE_OBJC_WEAK = YES;
				CLANG_WARN_BLOCK_CAPTURE_AUTORELEASING = YES;
				CLANG_WARN_BOOL_CONVERSION = YES;
				CLANG_WARN_COMMA = YES;
				CLANG_WARN_CONSTANT_CONVERSION = YES;
				CLANG_WARN_DEPRECATED_OBJC_IMPLEMENTATIONS = YES;
				CLANG_WARN_DIRECT_OBJC_ISA_USAGE = YES_ERROR;
				CLANG_WARN_DOCUMENTATION_COMMENTS = YES;
				CLANG_WARN_EMPTY_BODY = YES;
				CLANG_WARN_ENUM_CONVERSION = YES;
				CLANG_WARN_INFINITE_RECURSION = YES;
				CLANG_WARN_INT_CONVERSION = YES;
				CLANG_WARN_NON_LITERAL_NULL_CONVERSION = YES;
				CLANG_WARN_OBJC_IMPLICIT_RETAIN_SELF = YES;
				CLANG_WARN_OBJC_LITERAL_CONVERSION = YES;
				CLANG_WARN_OBJC_ROOT_CLASS = YES_ERROR;
				CLANG_WARN_QUOTED_INCLUDE_IN_FRAMEWORK_HEADER = YES;
				CLANG_WARN_RANGE_LOOP_ANALYSIS = YES;
				CLANG_WARN_STRICT_PROTOTYPES = YES;
				CLANG_WARN_SUSPICIOUS_MOVE = YES;
				CLANG_WARN_UNGUARDED_AVAILABILITY = YES_AGGRESSIVE;
				CLANG_WARN_UNREACHABLE_CODE = YES;
				CLANG_WARN__DUPLICATE_METHOD_MATCH = YES;
				COPY_PHASE_STRIP = NO;
				DEBUG_INFORMATION_FORMAT = dwarf;
				ENABLE_STRICT_OBJC_MSGSEND = YES;
				ENABLE_TESTABILITY = YES;
				GCC_C_LANGUAGE_STANDARD = gnu11;
				GCC_DYNAMIC_NO_PIC = NO;
				GCC_NO_COMMON_BLOCKS = YES;
				GCC_OPTIMIZATION_LEVEL = 0;
				GCC_PREPROCESSOR_DEFINITIONS = (
					"DEBUG=1",
					"$(inherited)",
				);
				GCC_WARN_64_TO_32_BIT_CONVERSION = YES;
				GCC_WARN_ABOUT_RETURN_TYPE = YES_ERROR;
				GCC_WARN_UNDECLARED_SELECTOR = YES;
				GCC_WARN_UNINITIALIZED_AUTOS = YES_AGGRESSIVE;
				GCC_WARN_UNUSED_FUNCTION = YES;
				GCC_WARN_UNUSED_VARIABLE = YES;
				IPHONEOS_DEPLOYMENT_TARGET = 16.0;
				MTL_ENABLE_DEBUG_INFO = INCLUDE_SOURCE;
				MTL_FAST_MATH = YES;
				ONLY_ACTIVE_ARCH = YES;
				SDKROOT = iphoneos;
				SWIFT_ACTIVE_COMPILATION_CONDITIONS = DEBUG;
				SWIFT_OPTIMIZATION_LEVEL = "-Onone";
			};
			name = Debug;
		};
		05BDA2F32915787B0053B449 /* Release */ = {
			isa = XCBuildConfiguration;
			buildSettings = {
				ALWAYS_SEARCH_USER_PATHS = NO;
				CLANG_ANALYZER_NONNULL = YES;
				CLANG_ANALYZER_NUMBER_OBJECT_CONVERSION = YES_AGGRESSIVE;
				CLANG_CXX_LANGUAGE_STANDARD = "gnu++20";
				CLANG_ENABLE_MODULES = YES;
				CLANG_ENABLE_OBJC_ARC = YES;
				CLANG_ENABLE_OBJC_WEAK = YES;
				CLANG_WARN_BLOCK_CAPTURE_AUTORELEASING = YES;
				CLANG_WARN_BOOL_CONVERSION = YES;
				CLANG_WARN_COMMA = YES;
				CLANG_WARN_CONSTANT_CONVERSION = YES;
				CLANG_WARN_DEPRECATED_OBJC_IMPLEMENTATIONS = YES;
				CLANG_WARN_DIRECT_OBJC_ISA_USAGE = YES_ERROR;
				CLANG_WARN_DOCUMENTATION_COMMENTS = YES;
				CLANG_WARN_EMPTY_BODY = YES;
				CLANG_WARN_ENUM_CONVERSION = YES;
				CLANG_WARN_INFINITE_RECURSION = YES;
				CLANG_WARN_INT_CONVERSION = YES;
				CLANG_WARN_NON_LITERAL_NULL_CONVERSION = YES;
				CLANG_WARN_OBJC_IMPLICIT_RETAIN_SELF = YES;
				CLANG_WARN_OBJC_LITERAL_CONVERSION = YES;
				CLANG_WARN_OBJC_ROOT_CLASS = YES_ERROR;
				CLANG_WARN_QUOTED_INCLUDE_IN_FRAMEWORK_HEADER = YES;
				CLANG_WARN_RANGE_LOOP_ANALYSIS = YES;
				CLANG_WARN_STRICT_PROTOTYPES = YES;
				CLANG_WARN_SUSPICIOUS_MOVE = YES;
				CLANG_WARN_UNGUARDED_AVAILABILITY = YES_AGGRESSIVE;
				CLANG_WARN_UNREACHABLE_CODE = YES;
				CLANG_WARN__DUPLICATE_METHOD_MATCH = YES;
				COPY_PHASE_STRIP = NO;
				DEBUG_INFORMATION_FORMAT = "dwarf-with-dsym";
				ENABLE_NS_ASSERTIONS = NO;
				ENABLE_STRICT_OBJC_MSGSEND = YES;
				GCC_C_LANGUAGE_STANDARD = gnu11;
				GCC_NO_COMMON_BLOCKS = YES;
				GCC_WARN_64_TO_32_BIT_CONVERSION = YES;
				GCC_WARN_ABOUT_RETURN_TYPE = YES_ERROR;
				GCC_WARN_UNDECLARED_SELECTOR = YES;
				GCC_WARN_UNINITIALIZED_AUTOS = YES_AGGRESSIVE;
				GCC_WARN_UNUSED_FUNCTION = YES;
				GCC_WARN_UNUSED_VARIABLE = YES;
				IPHONEOS_DEPLOYMENT_TARGET = 16.0;
				MTL_ENABLE_DEBUG_INFO = NO;
				MTL_FAST_MATH = YES;
				SDKROOT = iphoneos;
				SWIFT_COMPILATION_MODE = wholemodule;
				SWIFT_OPTIMIZATION_LEVEL = "-O";
				VALIDATE_PRODUCT = YES;
			};
			name = Release;
		};
		05BDA2F52915787B0053B449 /* Debug */ = {
			isa = XCBuildConfiguration;
			buildSettings = {
				ASSETCATALOG_COMPILER_APPICON_NAME = AppIcon;
				ASSETCATALOG_COMPILER_GLOBAL_ACCENT_COLOR_NAME = AccentColor;
				CODE_SIGN_STYLE = Automatic;
				CURRENT_PROJECT_VERSION = 1;
				DEVELOPMENT_ASSET_PATHS = "\"CharacterDexApp/Preview Content\"";
				DEVELOPMENT_TEAM = X8FG7DQ2CU;
				ENABLE_PREVIEWS = YES;
				GENERATE_INFOPLIST_FILE = YES;
				INFOPLIST_KEY_UIApplicationSceneManifest_Generation = YES;
				INFOPLIST_KEY_UIApplicationSupportsIndirectInputEvents = YES;
				INFOPLIST_KEY_UILaunchScreen_Generation = YES;
				INFOPLIST_KEY_UISupportedInterfaceOrientations_iPad = "UIInterfaceOrientationPortrait UIInterfaceOrientationPortraitUpsideDown UIInterfaceOrientationLandscapeLeft UIInterfaceOrientationLandscapeRight";
				INFOPLIST_KEY_UISupportedInterfaceOrientations_iPhone = "UIInterfaceOrientationPortrait UIInterfaceOrientationLandscapeLeft UIInterfaceOrientationLandscapeRight";
				LD_RUNPATH_SEARCH_PATHS = (
					"$(inherited)",
					"@executable_path/Frameworks",
				);
				MARKETING_VERSION = 1.0;
				PRODUCT_BUNDLE_IDENTIFIER = lefebvre.CharacterDexApp;
				PRODUCT_NAME = "$(TARGET_NAME)";
				SWIFT_EMIT_LOC_STRINGS = YES;
				SWIFT_VERSION = 5.0;
				TARGETED_DEVICE_FAMILY = "1,2";
			};
			name = Debug;
		};
		05BDA2F62915787B0053B449 /* Release */ = {
			isa = XCBuildConfiguration;
			buildSettings = {
				ASSETCATALOG_COMPILER_APPICON_NAME = AppIcon;
				ASSETCATALOG_COMPILER_GLOBAL_ACCENT_COLOR_NAME = AccentColor;
				CODE_SIGN_STYLE = Automatic;
				CURRENT_PROJECT_VERSION = 1;
				DEVELOPMENT_ASSET_PATHS = "\"CharacterDexApp/Preview Content\"";
				DEVELOPMENT_TEAM = X8FG7DQ2CU;
				ENABLE_PREVIEWS = YES;
				GENERATE_INFOPLIST_FILE = YES;
				INFOPLIST_KEY_UIApplicationSceneManifest_Generation = YES;
				INFOPLIST_KEY_UIApplicationSupportsIndirectInputEvents = YES;
				INFOPLIST_KEY_UILaunchScreen_Generation = YES;
				INFOPLIST_KEY_UISupportedInterfaceOrientations_iPad = "UIInterfaceOrientationPortrait UIInterfaceOrientationPortraitUpsideDown UIInterfaceOrientationLandscapeLeft UIInterfaceOrientationLandscapeRight";
				INFOPLIST_KEY_UISupportedInterfaceOrientations_iPhone = "UIInterfaceOrientationPortrait UIInterfaceOrientationLandscapeLeft UIInterfaceOrientationLandscapeRight";
				LD_RUNPATH_SEARCH_PATHS = (
					"$(inherited)",
					"@executable_path/Frameworks",
				);
				MARKETING_VERSION = 1.0;
				PRODUCT_BUNDLE_IDENTIFIER = lefebvre.CharacterDexApp;
				PRODUCT_NAME = "$(TARGET_NAME)";
				SWIFT_EMIT_LOC_STRINGS = YES;
				SWIFT_VERSION = 5.0;
				TARGETED_DEVICE_FAMILY = "1,2";
			};
			name = Release;
		};
		05BDA2F82915787B0053B449 /* Debug */ = {
			isa = XCBuildConfiguration;
			buildSettings = {
				ALWAYS_EMBED_SWIFT_STANDARD_LIBRARIES = YES;
				BUNDLE_LOADER = "$(TEST_HOST)";
				CODE_SIGN_STYLE = Automatic;
				CURRENT_PROJECT_VERSION = 1;
				DEVELOPMENT_TEAM = X8FG7DQ2CU;
				GENERATE_INFOPLIST_FILE = YES;
				IPHONEOS_DEPLOYMENT_TARGET = 16.0;
				MARKETING_VERSION = 1.0;
				PRODUCT_BUNDLE_IDENTIFIER = lefebvre.CharacterDexAppTests;
				PRODUCT_NAME = "$(TARGET_NAME)";
				SWIFT_EMIT_LOC_STRINGS = NO;
				SWIFT_VERSION = 5.0;
				TARGETED_DEVICE_FAMILY = "1,2";
				TEST_HOST = "$(BUILT_PRODUCTS_DIR)/CharacterDexApp.app/$(BUNDLE_EXECUTABLE_FOLDER_PATH)/CharacterDexApp";
			};
			name = Debug;
		};
		05BDA2F92915787B0053B449 /* Release */ = {
			isa = XCBuildConfiguration;
			buildSettings = {
				ALWAYS_EMBED_SWIFT_STANDARD_LIBRARIES = YES;
				BUNDLE_LOADER = "$(TEST_HOST)";
				CODE_SIGN_STYLE = Automatic;
				CURRENT_PROJECT_VERSION = 1;
				DEVELOPMENT_TEAM = X8FG7DQ2CU;
				GENERATE_INFOPLIST_FILE = YES;
				IPHONEOS_DEPLOYMENT_TARGET = 16.0;
				MARKETING_VERSION = 1.0;
				PRODUCT_BUNDLE_IDENTIFIER = lefebvre.CharacterDexAppTests;
				PRODUCT_NAME = "$(TARGET_NAME)";
				SWIFT_EMIT_LOC_STRINGS = NO;
				SWIFT_VERSION = 5.0;
				TARGETED_DEVICE_FAMILY = "1,2";
				TEST_HOST = "$(BUILT_PRODUCTS_DIR)/CharacterDexApp.app/$(BUNDLE_EXECUTABLE_FOLDER_PATH)/CharacterDexApp";
			};
			name = Release;
		};
		05BDA2FB2915787B0053B449 /* Debug */ = {
			isa = XCBuildConfiguration;
			buildSettings = {
				ALWAYS_EMBED_SWIFT_STANDARD_LIBRARIES = YES;
				CODE_SIGN_STYLE = Automatic;
				CURRENT_PROJECT_VERSION = 1;
				DEVELOPMENT_TEAM = X8FG7DQ2CU;
				GENERATE_INFOPLIST_FILE = YES;
				MARKETING_VERSION = 1.0;
				PRODUCT_BUNDLE_IDENTIFIER = lefebvre.CharacterDexAppUITests;
				PRODUCT_NAME = "$(TARGET_NAME)";
				SWIFT_EMIT_LOC_STRINGS = NO;
				SWIFT_VERSION = 5.0;
				TARGETED_DEVICE_FAMILY = "1,2";
				TEST_TARGET_NAME = CharacterDexApp;
			};
			name = Debug;
		};
		05BDA2FC2915787B0053B449 /* Release */ = {
			isa = XCBuildConfiguration;
			buildSettings = {
				ALWAYS_EMBED_SWIFT_STANDARD_LIBRARIES = YES;
				CODE_SIGN_STYLE = Automatic;
				CURRENT_PROJECT_VERSION = 1;
				DEVELOPMENT_TEAM = X8FG7DQ2CU;
				GENERATE_INFOPLIST_FILE = YES;
				MARKETING_VERSION = 1.0;
				PRODUCT_BUNDLE_IDENTIFIER = lefebvre.CharacterDexAppUITests;
				PRODUCT_NAME = "$(TARGET_NAME)";
				SWIFT_EMIT_LOC_STRINGS = NO;
				SWIFT_VERSION = 5.0;
				TARGETED_DEVICE_FAMILY = "1,2";
				TEST_TARGET_NAME = CharacterDexApp;
			};
			name = Release;
		};
/* End XCBuildConfiguration section */

/* Begin XCConfigurationList section */
		05BDA2CB291578790053B449 /* Build configuration list for PBXProject "CharacterDexApp" */ = {
			isa = XCConfigurationList;
			buildConfigurations = (
				05BDA2F22915787B0053B449 /* Debug */,
				05BDA2F32915787B0053B449 /* Release */,
			);
			defaultConfigurationIsVisible = 0;
			defaultConfigurationName = Release;
		};
		05BDA2F42915787B0053B449 /* Build configuration list for PBXNativeTarget "CharacterDexApp" */ = {
			isa = XCConfigurationList;
			buildConfigurations = (
				05BDA2F52915787B0053B449 /* Debug */,
				05BDA2F62915787B0053B449 /* Release */,
			);
			defaultConfigurationIsVisible = 0;
			defaultConfigurationName = Release;
		};
		05BDA2F72915787B0053B449 /* Build configuration list for PBXNativeTarget "CharacterDexAppTests" */ = {
			isa = XCConfigurationList;
			buildConfigurations = (
				05BDA2F82915787B0053B449 /* Debug */,
				05BDA2F92915787B0053B449 /* Release */,
			);
			defaultConfigurationIsVisible = 0;
			defaultConfigurationName = Release;
		};
		05BDA2FA2915787B0053B449 /* Build configuration list for PBXNativeTarget "CharacterDexAppUITests" */ = {
			isa = XCConfigurationList;
			buildConfigurations = (
				05BDA2FB2915787B0053B449 /* Debug */,
				05BDA2FC2915787B0053B449 /* Release */,
			);
			defaultConfigurationIsVisible = 0;
			defaultConfigurationName = Release;
		};
/* End XCConfigurationList section */
	};
	rootObject = 05BDA2C8291578790053B449 /* Project object */;
}
