// !$*UTF8*$!
{
	archiveVersion = 1;
	classes = {
	};
	objectVersion = 55;
	objects = {

/* Begin PBXBuildFile section */
		638A8E5728D0CD5A0075D2AC /* NextButton.swift in Sources */ = {isa = PBXBuildFile; fileRef = 638A8E5628D0CD5A0075D2AC /* NextButton.swift */; };
		638A8E5928D0D31D0075D2AC /* GenderEnum.swift in Sources */ = {isa = PBXBuildFile; fileRef = 638A8E5828D0D31D0075D2AC /* GenderEnum.swift */; };
		638A8E5B28D0D39D0075D2AC /* Calculator.swift in Sources */ = {isa = PBXBuildFile; fileRef = 638A8E5A28D0D39D0075D2AC /* Calculator.swift */; };
		638A8E5D28D0D8840075D2AC /* SliderValue.swift in Sources */ = {isa = PBXBuildFile; fileRef = 638A8E5C28D0D8840075D2AC /* SliderValue.swift */; };
		639A0A7428D4DA0A0079A915 /* Calculate Button.swift in Sources */ = {isa = PBXBuildFile; fileRef = 639A0A7328D4DA0A0079A915 /* Calculate Button.swift */; };
		63F2301828CBA481004EC19B /* BMRCalculatorApp.swift in Sources */ = {isa = PBXBuildFile; fileRef = 63F2301728CBA481004EC19B /* BMRCalculatorApp.swift */; };
		63F2301A28CBA481004EC19B /* ContentView.swift in Sources */ = {isa = PBXBuildFile; fileRef = 63F2301928CBA481004EC19B /* ContentView.swift */; };
		63F2301C28CBA481004EC19B /* Assets.xcassets in Resources */ = {isa = PBXBuildFile; fileRef = 63F2301B28CBA481004EC19B /* Assets.xcassets */; };
		63F2301F28CBA481004EC19B /* Preview Assets.xcassets in Resources */ = {isa = PBXBuildFile; fileRef = 63F2301E28CBA481004EC19B /* Preview Assets.xcassets */; };
		63F2302928CBA514004EC19B /* TitleCard.swift in Sources */ = {isa = PBXBuildFile; fileRef = 63F2302828CBA514004EC19B /* TitleCard.swift */; };
		63F2302B28CBA76D004EC19B /* CardBackground.swift in Sources */ = {isa = PBXBuildFile; fileRef = 63F2302A28CBA76D004EC19B /* CardBackground.swift */; };
		63F2302D28CBA857004EC19B /* Card.swift in Sources */ = {isa = PBXBuildFile; fileRef = 63F2302C28CBA857004EC19B /* Card.swift */; };
		63F2302F28CBB15C004EC19B /* Gender.swift in Sources */ = {isa = PBXBuildFile; fileRef = 63F2302E28CBB15C004EC19B /* Gender.swift */; };
		63F2303128CBB167004EC19B /* Age.swift in Sources */ = {isa = PBXBuildFile; fileRef = 63F2303028CBB167004EC19B /* Age.swift */; };
		63F2303528CBB18F004EC19B /* Weight.swift in Sources */ = {isa = PBXBuildFile; fileRef = 63F2303428CBB18F004EC19B /* Weight.swift */; };
		63F2303728CBB19B004EC19B /* Result.swift in Sources */ = {isa = PBXBuildFile; fileRef = 63F2303628CBB19B004EC19B /* Result.swift */; };
		63F2303928CBB20D004EC19B /* Height.swift in Sources */ = {isa = PBXBuildFile; fileRef = 63F2303828CBB20D004EC19B /* Height.swift */; };
/* End PBXBuildFile section */

/* Begin PBXFileReference section */
		638A8E5628D0CD5A0075D2AC /* NextButton.swift */ = {isa = PBXFileReference; lastKnownFileType = sourcecode.swift; path = NextButton.swift; sourceTree = "<group>"; };
		638A8E5828D0D31D0075D2AC /* GenderEnum.swift */ = {isa = PBXFileReference; lastKnownFileType = sourcecode.swift; path = GenderEnum.swift; sourceTree = "<group>"; };
		638A8E5A28D0D39D0075D2AC /* Calculator.swift */ = {isa = PBXFileReference; lastKnownFileType = sourcecode.swift; path = Calculator.swift; sourceTree = "<group>"; };
		638A8E5C28D0D8840075D2AC /* SliderValue.swift */ = {isa = PBXFileReference; lastKnownFileType = sourcecode.swift; path = SliderValue.swift; sourceTree = "<group>"; };
		639A0A7328D4DA0A0079A915 /* Calculate Button.swift */ = {isa = PBXFileReference; lastKnownFileType = sourcecode.swift; path = "Calculate Button.swift"; sourceTree = "<group>"; };
		63F2301428CBA481004EC19B /* BMRCalculator.app */ = {isa = PBXFileReference; explicitFileType = wrapper.application; includeInIndex = 0; path = BMRCalculator.app; sourceTree = BUILT_PRODUCTS_DIR; };
		63F2301728CBA481004EC19B /* BMRCalculatorApp.swift */ = {isa = PBXFileReference; lastKnownFileType = sourcecode.swift; path = BMRCalculatorApp.swift; sourceTree = "<group>"; };
		63F2301928CBA481004EC19B /* ContentView.swift */ = {isa = PBXFileReference; lastKnownFileType = sourcecode.swift; path = ContentView.swift; sourceTree = "<group>"; };
		63F2301B28CBA481004EC19B /* Assets.xcassets */ = {isa = PBXFileReference; lastKnownFileType = folder.assetcatalog; path = Assets.xcassets; sourceTree = "<group>"; };
		63F2301E28CBA481004EC19B /* Preview Assets.xcassets */ = {isa = PBXFileReference; lastKnownFileType = folder.assetcatalog; path = "Preview Assets.xcassets"; sourceTree = "<group>"; };
		63F2302828CBA514004EC19B /* TitleCard.swift */ = {isa = PBXFileReference; lastKnownFileType = sourcecode.swift; path = TitleCard.swift; sourceTree = "<group>"; };
		63F2302A28CBA76D004EC19B /* CardBackground.swift */ = {isa = PBXFileReference; lastKnownFileType = sourcecode.swift; path = CardBackground.swift; sourceTree = "<group>"; };
		63F2302C28CBA857004EC19B /* Card.swift */ = {isa = PBXFileReference; lastKnownFileType = sourcecode.swift; path = Card.swift; sourceTree = "<group>"; };
		63F2302E28CBB15C004EC19B /* Gender.swift */ = {isa = PBXFileReference; lastKnownFileType = sourcecode.swift; path = Gender.swift; sourceTree = "<group>"; };
		63F2303028CBB167004EC19B /* Age.swift */ = {isa = PBXFileReference; lastKnownFileType = sourcecode.swift; path = Age.swift; sourceTree = "<group>"; };
		63F2303428CBB18F004EC19B /* Weight.swift */ = {isa = PBXFileReference; lastKnownFileType = sourcecode.swift; path = Weight.swift; sourceTree = "<group>"; };
		63F2303628CBB19B004EC19B /* Result.swift */ = {isa = PBXFileReference; lastKnownFileType = sourcecode.swift; path = Result.swift; sourceTree = "<group>"; };
		63F2303828CBB20D004EC19B /* Height.swift */ = {isa = PBXFileReference; lastKnownFileType = sourcecode.swift; path = Height.swift; sourceTree = "<group>"; };
/* End PBXFileReference section */

/* Begin PBXFrameworksBuildPhase section */
		63F2301128CBA481004EC19B /* Frameworks */ = {
			isa = PBXFrameworksBuildPhase;
			buildActionMask = 2147483647;
			files = (
			);
			runOnlyForDeploymentPostprocessing = 0;
		};
/* End PBXFrameworksBuildPhase section */

/* Begin PBXGroup section */
		63F2300B28CBA481004EC19B = {
			isa = PBXGroup;
			children = (
				63F2301628CBA481004EC19B /* BMRCalculator */,
				63F2301528CBA481004EC19B /* Products */,
			);
			sourceTree = "<group>";
		};
		63F2301528CBA481004EC19B /* Products */ = {
			isa = PBXGroup;
			children = (
				63F2301428CBA481004EC19B /* BMRCalculator.app */,
			);
			name = Products;
			sourceTree = "<group>";
		};
		63F2301628CBA481004EC19B /* BMRCalculator */ = {
			isa = PBXGroup;
			children = (
				63F2302728CBA4EE004EC19B /* Functionality */,
				63F2302528CBA4CC004EC19B /* Views */,
				63F2301728CBA481004EC19B /* BMRCalculatorApp.swift */,
				63F2301B28CBA481004EC19B /* Assets.xcassets */,
				63F2301D28CBA481004EC19B /* Preview Content */,
			);
			path = BMRCalculator;
			sourceTree = "<group>";
		};
		63F2301D28CBA481004EC19B /* Preview Content */ = {
			isa = PBXGroup;
			children = (
				63F2301E28CBA481004EC19B /* Preview Assets.xcassets */,
			);
			path = "Preview Content";
			sourceTree = "<group>";
		};
		63F2302528CBA4CC004EC19B /* Views */ = {
			isa = PBXGroup;
			children = (
				63F2302628CBA4DB004EC19B /* Components */,
				63F2301928CBA481004EC19B /* ContentView.swift */,
				63F2302828CBA514004EC19B /* TitleCard.swift */,
				639A0A7328D4DA0A0079A915 /* Calculate Button.swift */,
			);
			path = Views;
			sourceTree = "<group>";
		};
		63F2302628CBA4DB004EC19B /* Components */ = {
			isa = PBXGroup;
			children = (
				63F2302A28CBA76D004EC19B /* CardBackground.swift */,
				63F2302C28CBA857004EC19B /* Card.swift */,
				63F2302E28CBB15C004EC19B /* Gender.swift */,
				63F2303028CBB167004EC19B /* Age.swift */,
				63F2303428CBB18F004EC19B /* Weight.swift */,
				63F2303628CBB19B004EC19B /* Result.swift */,
				63F2303828CBB20D004EC19B /* Height.swift */,
				638A8E5628D0CD5A0075D2AC /* NextButton.swift */,
				638A8E5C28D0D8840075D2AC /* SliderValue.swift */,
			);
			path = Components;
			sourceTree = "<group>";
		};
		63F2302728CBA4EE004EC19B /* Functionality */ = {
			isa = PBXGroup;
			children = (
				638A8E5828D0D31D0075D2AC /* GenderEnum.swift */,
				638A8E5A28D0D39D0075D2AC /* Calculator.swift */,
			);
			path = Functionality;
			sourceTree = "<group>";
		};
/* End PBXGroup section */

/* Begin PBXNativeTarget section */
		63F2301328CBA481004EC19B /* BMRCalculator */ = {
			isa = PBXNativeTarget;
			buildConfigurationList = 63F2302228CBA481004EC19B /* Build configuration list for PBXNativeTarget "BMRCalculator" */;
			buildPhases = (
				63F2301028CBA481004EC19B /* Sources */,
				63F2301128CBA481004EC19B /* Frameworks */,
				63F2301228CBA481004EC19B /* Resources */,
			);
			buildRules = (
			);
			dependencies = (
			);
			name = BMRCalculator;
			productName = BMRCalculator;
			productReference = 63F2301428CBA481004EC19B /* BMRCalculator.app */;
			productType = "com.apple.product-type.application";
		};
/* End PBXNativeTarget section */

/* Begin PBXProject section */
		63F2300C28CBA481004EC19B /* Project object */ = {
			isa = PBXProject;
			attributes = {
				BuildIndependentTargetsInParallel = 1;
				LastSwiftUpdateCheck = 1340;
				LastUpgradeCheck = 1340;
				TargetAttributes = {
					63F2301328CBA481004EC19B = {
						CreatedOnToolsVersion = 13.4.1;
					};
				};
			};
			buildConfigurationList = 63F2300F28CBA481004EC19B /* Build configuration list for PBXProject "BMRCalculator" */;
			compatibilityVersion = "Xcode 13.0";
			developmentRegion = en;
			hasScannedForEncodings = 0;
			knownRegions = (
				en,
				Base,
			);
			mainGroup = 63F2300B28CBA481004EC19B;
			productRefGroup = 63F2301528CBA481004EC19B /* Products */;
			projectDirPath = "";
			projectRoot = "";
			targets = (
				63F2301328CBA481004EC19B /* BMRCalculator */,
			);
		};
/* End PBXProject section */

/* Begin PBXResourcesBuildPhase section */
		63F2301228CBA481004EC19B /* Resources */ = {
			isa = PBXResourcesBuildPhase;
			buildActionMask = 2147483647;
			files = (
				63F2301F28CBA481004EC19B /* Preview Assets.xcassets in Resources */,
				63F2301C28CBA481004EC19B /* Assets.xcassets in Resources */,
			);
			runOnlyForDeploymentPostprocessing = 0;
		};
/* End PBXResourcesBuildPhase section */

/* Begin PBXSourcesBuildPhase section */
		63F2301028CBA481004EC19B /* Sources */ = {
			isa = PBXSourcesBuildPhase;
			buildActionMask = 2147483647;
			files = (
				63F2302F28CBB15C004EC19B /* Gender.swift in Sources */,
				63F2301A28CBA481004EC19B /* ContentView.swift in Sources */,
				63F2302B28CBA76D004EC19B /* CardBackground.swift in Sources */,
				63F2302D28CBA857004EC19B /* Card.swift in Sources */,
				639A0A7428D4DA0A0079A915 /* Calculate Button.swift in Sources */,
				63F2301828CBA481004EC19B /* BMRCalculatorApp.swift in Sources */,
				638A8E5B28D0D39D0075D2AC /* Calculator.swift in Sources */,
				638A8E5928D0D31D0075D2AC /* GenderEnum.swift in Sources */,
				63F2303728CBB19B004EC19B /* Result.swift in Sources */,
				638A8E5728D0CD5A0075D2AC /* NextButton.swift in Sources */,
				63F2303928CBB20D004EC19B /* Height.swift in Sources */,
				63F2303128CBB167004EC19B /* Age.swift in Sources */,
				63F2302928CBA514004EC19B /* TitleCard.swift in Sources */,
				638A8E5D28D0D8840075D2AC /* SliderValue.swift in Sources */,
				63F2303528CBB18F004EC19B /* Weight.swift in Sources */,
			);
			runOnlyForDeploymentPostprocessing = 0;
		};
/* End PBXSourcesBuildPhase section */

/* Begin XCBuildConfiguration section */
		63F2302028CBA481004EC19B /* Debug */ = {
			isa = XCBuildConfiguration;
			buildSettings = {
				ALWAYS_SEARCH_USER_PATHS = NO;
				CLANG_ANALYZER_NONNULL = YES;
				CLANG_ANALYZER_NUMBER_OBJECT_CONVERSION = YES_AGGRESSIVE;
				CLANG_CXX_LANGUAGE_STANDARD = "gnu++17";
				CLANG_ENABLE_MODULES = YES;
				CLANG_ENABLE_OBJC_ARC = YES;
				CLANG_ENABLE_OBJC_WEAK = YES;
				CLANG_WARN_BLOCK_CAPTURE_AUTORELEASING = YES;
				CLANG_WARN_BOOL_CONVERSION = YES;
				CLANG_WARN_COMMA = YES;
				CLANG_WARN_CONSTANT_CONVERSION = YES;
				CLANG_WARN_DEPRECATED_OBJC_IMPLEMENTATIONS = YES;
				CLANG_WARN_DIRECT_OBJC_ISA_USAGE = YES_ERROR;
				CLANG_WARN_DOCUMENTATION_COMMENTS = YES;
				CLANG_WARN_EMPTY_BODY = YES;
				CLANG_WARN_ENUM_CONVERSION = YES;
				CLANG_WARN_INFINITE_RECURSION = YES;
				CLANG_WARN_INT_CONVERSION = YES;
				CLANG_WARN_NON_LITERAL_NULL_CONVERSION = YES;
				CLANG_WARN_OBJC_IMPLICIT_RETAIN_SELF = YES;
				CLANG_WARN_OBJC_LITERAL_CONVERSION = YES;
				CLANG_WARN_OBJC_ROOT_CLASS = YES_ERROR;
				CLANG_WARN_QUOTED_INCLUDE_IN_FRAMEWORK_HEADER = YES;
				CLANG_WARN_RANGE_LOOP_ANALYSIS = YES;
				CLANG_WARN_STRICT_PROTOTYPES = YES;
				CLANG_WARN_SUSPICIOUS_MOVE = YES;
				CLANG_WARN_UNGUARDED_AVAILABILITY = YES_AGGRESSIVE;
				CLANG_WARN_UNREACHABLE_CODE = YES;
				CLANG_WARN__DUPLICATE_METHOD_MATCH = YES;
				COPY_PHASE_STRIP = NO;
				DEBUG_INFORMATION_FORMAT = dwarf;
				ENABLE_STRICT_OBJC_MSGSEND = YES;
				ENABLE_TESTABILITY = YES;
				GCC_C_LANGUAGE_STANDARD = gnu11;
				GCC_DYNAMIC_NO_PIC = NO;
				GCC_NO_COMMON_BLOCKS = YES;
				GCC_OPTIMIZATION_LEVEL = 0;
				GCC_PREPROCESSOR_DEFINITIONS = (
					"DEBUG=1",
					"$(inherited)",
				);
				GCC_WARN_64_TO_32_BIT_CONVERSION = YES;
				GCC_WARN_ABOUT_RETURN_TYPE = YES_ERROR;
				GCC_WARN_UNDECLARED_SELECTOR = YES;
				GCC_WARN_UNINITIALIZED_AUTOS = YES_AGGRESSIVE;
				GCC_WARN_UNUSED_FUNCTION = YES;
				GCC_WARN_UNUSED_VARIABLE = YES;
				IPHONEOS_DEPLOYMENT_TARGET = 15.5;
				MTL_ENABLE_DEBUG_INFO = INCLUDE_SOURCE;
				MTL_FAST_MATH = YES;
				ONLY_ACTIVE_ARCH = YES;
				SDKROOT = iphoneos;
				SWIFT_ACTIVE_COMPILATION_CONDITIONS = DEBUG;
				SWIFT_OPTIMIZATION_LEVEL = "-Onone";
			};
			name = Debug;
		};
		63F2302128CBA481004EC19B /* Release */ = {
			isa = XCBuildConfiguration;
			buildSettings = {
				ALWAYS_SEARCH_USER_PATHS = NO;
				CLANG_ANALYZER_NONNULL = YES;
				CLANG_ANALYZER_NUMBER_OBJECT_CONVERSION = YES_AGGRESSIVE;
				CLANG_CXX_LANGUAGE_STANDARD = "gnu++17";
				CLANG_ENABLE_MODULES = YES;
				CLANG_ENABLE_OBJC_ARC = YES;
				CLANG_ENABLE_OBJC_WEAK = YES;
				CLANG_WARN_BLOCK_CAPTURE_AUTORELEASING = YES;
				CLANG_WARN_BOOL_CONVERSION = YES;
				CLANG_WARN_COMMA = YES;
				CLANG_WARN_CONSTANT_CONVERSION = YES;
				CLANG_WARN_DEPRECATED_OBJC_IMPLEMENTATIONS = YES;
				CLANG_WARN_DIRECT_OBJC_ISA_USAGE = YES_ERROR;
				CLANG_WARN_DOCUMENTATION_COMMENTS = YES;
				CLANG_WARN_EMPTY_BODY = YES;
				CLANG_WARN_ENUM_CONVERSION = YES;
				CLANG_WARN_INFINITE_RECURSION = YES;
				CLANG_WARN_INT_CONVERSION = YES;
				CLANG_WARN_NON_LITERAL_NULL_CONVERSION = YES;
				CLANG_WARN_OBJC_IMPLICIT_RETAIN_SELF = YES;
				CLANG_WARN_OBJC_LITERAL_CONVERSION = YES;
				CLANG_WARN_OBJC_ROOT_CLASS = YES_ERROR;
				CLANG_WARN_QUOTED_INCLUDE_IN_FRAMEWORK_HEADER = YES;
				CLANG_WARN_RANGE_LOOP_ANALYSIS = YES;
				CLANG_WARN_STRICT_PROTOTYPES = YES;
				CLANG_WARN_SUSPICIOUS_MOVE = YES;
				CLANG_WARN_UNGUARDED_AVAILABILITY = YES_AGGRESSIVE;
				CLANG_WARN_UNREACHABLE_CODE = YES;
				CLANG_WARN__DUPLICATE_METHOD_MATCH = YES;
				COPY_PHASE_STRIP = NO;
				DEBUG_INFORMATION_FORMAT = "dwarf-with-dsym";
				ENABLE_NS_ASSERTIONS = NO;
				ENABLE_STRICT_OBJC_MSGSEND = YES;
				GCC_C_LANGUAGE_STANDARD = gnu11;
				GCC_NO_COMMON_BLOCKS = YES;
				GCC_WARN_64_TO_32_BIT_CONVERSION = YES;
				GCC_WARN_ABOUT_RETURN_TYPE = YES_ERROR;
				GCC_WARN_UNDECLARED_SELECTOR = YES;
				GCC_WARN_UNINITIALIZED_AUTOS = YES_AGGRESSIVE;
				GCC_WARN_UNUSED_FUNCTION = YES;
				GCC_WARN_UNUSED_VARIABLE = YES;
				IPHONEOS_DEPLOYMENT_TARGET = 15.5;
				MTL_ENABLE_DEBUG_INFO = NO;
				MTL_FAST_MATH = YES;
				SDKROOT = iphoneos;
				SWIFT_COMPILATION_MODE = wholemodule;
				SWIFT_OPTIMIZATION_LEVEL = "-O";
				VALIDATE_PRODUCT = YES;
			};
			name = Release;
		};
		63F2302328CBA481004EC19B /* Debug */ = {
			isa = XCBuildConfiguration;
			buildSettings = {
				ASSETCATALOG_COMPILER_APPICON_NAME = AppIcon;
				ASSETCATALOG_COMPILER_GLOBAL_ACCENT_COLOR_NAME = AccentColor;
				CODE_SIGN_STYLE = Automatic;
				CURRENT_PROJECT_VERSION = 1;
				DEVELOPMENT_ASSET_PATHS = "\"BMRCalculator/Preview Content\"";
				DEVELOPMENT_TEAM = 4UBGGVBDRF;
				ENABLE_PREVIEWS = YES;
				GENERATE_INFOPLIST_FILE = YES;
				INFOPLIST_KEY_UIApplicationSceneManifest_Generation = YES;
				INFOPLIST_KEY_UIApplicationSupportsIndirectInputEvents = YES;
				INFOPLIST_KEY_UILaunchScreen_Generation = YES;
				INFOPLIST_KEY_UISupportedInterfaceOrientations_iPad = "UIInterfaceOrientationPortrait UIInterfaceOrientationPortraitUpsideDown UIInterfaceOrientationLandscapeLeft UIInterfaceOrientationLandscapeRight";
				INFOPLIST_KEY_UISupportedInterfaceOrientations_iPhone = "UIInterfaceOrientationPortrait UIInterfaceOrientationLandscapeLeft UIInterfaceOrientationLandscapeRight";
				LD_RUNPATH_SEARCH_PATHS = (
					"$(inherited)",
					"@executable_path/Frameworks",
				);
				MARKETING_VERSION = 1.0;
				PRODUCT_BUNDLE_IDENTIFIER = com.james.BMRCalculator;
				PRODUCT_NAME = "$(TARGET_NAME)";
				SWIFT_EMIT_LOC_STRINGS = YES;
				SWIFT_VERSION = 5.0;
				TARGETED_DEVICE_FAMILY = "1,2";
			};
			name = Debug;
		};
		63F2302428CBA481004EC19B /* Release */ = {
			isa = XCBuildConfiguration;
			buildSettings = {
				ASSETCATALOG_COMPILER_APPICON_NAME = AppIcon;
				ASSETCATALOG_COMPILER_GLOBAL_ACCENT_COLOR_NAME = AccentColor;
				CODE_SIGN_STYLE = Automatic;
				CURRENT_PROJECT_VERSION = 1;
				DEVELOPMENT_ASSET_PATHS = "\"BMRCalculator/Preview Content\"";
				DEVELOPMENT_TEAM = 4UBGGVBDRF;
				ENABLE_PREVIEWS = YES;
				GENERATE_INFOPLIST_FILE = YES;
				INFOPLIST_KEY_UIApplicationSceneManifest_Generation = YES;
				INFOPLIST_KEY_UIApplicationSupportsIndirectInputEvents = YES;
				INFOPLIST_KEY_UILaunchScreen_Generation = YES;
				INFOPLIST_KEY_UISupportedInterfaceOrientations_iPad = "UIInterfaceOrientationPortrait UIInterfaceOrientationPortraitUpsideDown UIInterfaceOrientationLandscapeLeft UIInterfaceOrientationLandscapeRight";
				INFOPLIST_KEY_UISupportedInterfaceOrientations_iPhone = "UIInterfaceOrientationPortrait UIInterfaceOrientationLandscapeLeft UIInterfaceOrientationLandscapeRight";
				LD_RUNPATH_SEARCH_PATHS = (
					"$(inherited)",
					"@executable_path/Frameworks",
				);
				MARKETING_VERSION = 1.0;
				PRODUCT_BUNDLE_IDENTIFIER = com.james.BMRCalculator;
				PRODUCT_NAME = "$(TARGET_NAME)";
				SWIFT_EMIT_LOC_STRINGS = YES;
				SWIFT_VERSION = 5.0;
				TARGETED_DEVICE_FAMILY = "1,2";
			};
			name = Release;
		};
/* End XCBuildConfiguration section */

/* Begin XCConfigurationList section */
		63F2300F28CBA481004EC19B /* Build configuration list for PBXProject "BMRCalculator" */ = {
			isa = XCConfigurationList;
			buildConfigurations = (
				63F2302028CBA481004EC19B /* Debug */,
				63F2302128CBA481004EC19B /* Release */,
			);
			defaultConfigurationIsVisible = 0;
			defaultConfigurationName = Release;
		};
		63F2302228CBA481004EC19B /* Build configuration list for PBXNativeTarget "BMRCalculator" */ = {
			isa = XCConfigurationList;
			buildConfigurations = (
				63F2302328CBA481004EC19B /* Debug */,
				63F2302428CBA481004EC19B /* Release */,
			);
			defaultConfigurationIsVisible = 0;
			defaultConfigurationName = Release;
		};
/* End XCConfigurationList section */
	};
	rootObject = 63F2300C28CBA481004EC19B /* Project object */;
}
